github.com/iskrapw/network v0.1.1 h1:nyGw8NEuYv+EprjLE5Y3w+kIqTzRhgD0OKE1ijRWPyU=
github.com/iskrapw/network v0.1.1/go.mod h1:oG+c4RbImEx04taEOmU9HaObbmJsAze+zhnJEAWV4l4=
github.com/iskrapw/utils v0.1.0 h1:/gC763Oj0ygZ9ZseyRiXNfmG+1vtx4MH+/usMm50Cgk=
github.com/iskrapw/utils v0.1.0/go.mod h1:fMkO11bOYRPEVBwpxlLpJgRGlU2jN/9mABeb376Z2x4=
