github.com/so5dz/network v0.3.0 h1:lr1FWggR4gR7082AUcq8xwULqZTwGZi1x3lCDD9l/AA=
github.com/so5dz/network v0.3.0/go.mod h1:TIR7VMFkkeHNlrajG7ZrG1T9N4ZdIIRMzeYmdvhFq6M=
github.com/so5dz/utils v0.2.0 h1:Y+fjLoZ3goXoIj/H9otESTq8YVwSngZH3ww+Vs5sfqs=
github.com/so5dz/utils v0.2.0/go.mod h1:cqCMxkhKHVRKZwYcNwMD9pFMq9IHkQ5swaszjAjXX3Q=
